
Microsoft Visual Studio Solution File, Format Version 12.00
# Visual Studio Version 17
VisualStudioVersion = 17.14.36518.9 d17.14
MinimumVisualStudioVersion = 10.0.40219.1
Project("{FAE04EC0-301F-11D3-BF4B-00C04F79EFBC}") = "ChatServer", "ChatServer\ChatServer.csproj", "{1ED6EFA0-44DB-460D-A477-DD28B249DF4C}"
EndProject
Project("{FAE04EC0-301F-11D3-BF4B-00C04F79EFBC}") = "ChatClient", "ChatClient\ChatClient.csproj", "{667FAAB1-3DBD-4887-A40E-86EA09745A2F}"
EndProject
Global
	GlobalSection(SolutionConfigurationPlatforms) = preSolution
		Debug|Any CPU = Debug|Any CPU
		Release|Any CPU = Release|Any CPU
	EndGlobalSection
	GlobalSection(ProjectConfigurationPlatforms) = postSolution
		{1ED6EFA0-44DB-460D-A477-DD28B249DF4C}.Debug|Any CPU.ActiveCfg = Debug|Any CPU
		{1ED6EFA0-44DB-460D-A477-DD28B249DF4C}.Debug|Any CPU.Build.0 = Debug|Any CPU
		{1ED6EFA0-44DB-460D-A477-DD28B249DF4C}.Release|Any CPU.ActiveCfg = Release|Any CPU
		{1ED6EFA0-44DB-460D-A477-DD28B249DF4C}.Release|Any CPU.Build.0 = Release|Any CPU
		{667FAAB1-3DBD-4887-A40E-86EA09745A2F}.Debug|Any CPU.ActiveCfg = Debug|Any CPU
		{667FAAB1-3DBD-4887-A40E-86EA09745A2F}.Debug|Any CPU.Build.0 = Debug|Any CPU
		{667FAAB1-3DBD-4887-A40E-86EA09745A2F}.Release|Any CPU.ActiveCfg = Release|Any CPU
		{667FAAB1-3DBD-4887-A40E-86EA09745A2F}.Release|Any CPU.Build.0 = Release|Any CPU
	EndGlobalSection
	GlobalSection(SolutionProperties) = preSolution
		HideSolutionNode = FALSE
	EndGlobalSection
	GlobalSection(ExtensibilityGlobals) = postSolution
		SolutionGuid = {63430E88-89E4-446D-B07F-0A6B847AE967}
	EndGlobalSection
EndGlobal
